
Microsoft Visual Studio Solution File, Format Version 12.00
# Visual Studio Version 17
VisualStudioVersion = 17.8.34316.72
MinimumVisualStudioVersion = 10.0.40219.1
Project("{9A19103F-16F7-4668-BE54-9A1E7A4F7556}") = "gainapp", "gainapp.csproj", "{B4A0C15E-EF69-4205-82CC-F31AA3003EB1}"
EndProject
Global
	GlobalSection(SolutionConfigurationPlatforms) = preSolution
		Debug|Any CPU = Debug|Any CPU
		Release|Any CPU = Release|Any CPU
	EndGlobalSection
	GlobalSection(ProjectConfigurationPlatforms) = postSolution
		{B4A0C15E-EF69-4205-82CC-F31AA3003EB1}.Debug|Any CPU.ActiveCfg = Debug|Any CPU
		{B4A0C15E-EF69-4205-82CC-F31AA3003EB1}.Debug|Any CPU.Build.0 = Debug|Any CPU
		{B4A0C15E-EF69-4205-82CC-F31AA3003EB1}.Release|Any CPU.ActiveCfg = Release|Any CPU
		{B4A0C15E-EF69-4205-82CC-F31AA3003EB1}.Release|Any CPU.Build.0 = Release|Any CPU
	EndGlobalSection
	GlobalSection(SolutionProperties) = preSolution
		HideSolutionNode = FALSE
	EndGlobalSection
	GlobalSection(ExtensibilityGlobals) = postSolution
		SolutionGuid = {593569A1-2A00-4D71-9DA0-5A0CA7EAE96B}
	EndGlobalSection
EndGlobal
